
Microsoft Visual Studio Solution File, Format Version 12.00
# Visual Studio Version 16
VisualStudioVersion = 16.0.31112.23
MinimumVisualStudioVersion = 10.0.40219.1
Project("{9A19103F-16F7-4668-BE54-9A1E7A4F7556}") = "NumberPyramid", "NumberPyramid\NumberPyramid.csproj", "{D479427A-A55F-4711-BDB4-C6131132F003}"
EndProject
Project("{9A19103F-16F7-4668-BE54-9A1E7A4F7556}") = "EqualSums", "EqualSums\EqualSums.csproj", "{06262E16-0C0D-4F06-9FA1-9BD362571F5A}"
EndProject
Project("{9A19103F-16F7-4668-BE54-9A1E7A4F7556}") = "SumPrimeNonPrime", "SumPrimeNonPrime\SumPrimeNonPrime.csproj", "{5B299707-3583-4A44-8B26-820E22B352C6}"
EndProject
Project("{9A19103F-16F7-4668-BE54-9A1E7A4F7556}") = "TrainTheTrainers", "TrainTheTrainers\TrainTheTrainers.csproj", "{A1884B1A-BB76-4A33-AC07-F368CE5A5BE7}"
EndProject
Project("{9A19103F-16F7-4668-BE54-9A1E7A4F7556}") = "PasswordGenerator", "PasswordGenerator\PasswordGenerator.csproj", "{7D003FA7-9BE8-47EC-A613-5371A69A6E32}"
EndProject
Project("{FAE04EC0-301F-11D3-BF4B-00C04F79EFBC}") = "SpecialNumbers", "SpecialNumbers\SpecialNumbers.csproj", "{51DD8190-6EA8-4488-BCC1-65D5DF0AB94A}"
EndProject
Global
	GlobalSection(SolutionConfigurationPlatforms) = preSolution
		Debug|Any CPU = Debug|Any CPU
		Release|Any CPU = Release|Any CPU
	EndGlobalSection
	GlobalSection(ProjectConfigurationPlatforms) = postSolution
		{D479427A-A55F-4711-BDB4-C6131132F003}.Debug|Any CPU.ActiveCfg = Debug|Any CPU
		{D479427A-A55F-4711-BDB4-C6131132F003}.Debug|Any CPU.Build.0 = Debug|Any CPU
		{D479427A-A55F-4711-BDB4-C6131132F003}.Release|Any CPU.ActiveCfg = Release|Any CPU
		{D479427A-A55F-4711-BDB4-C6131132F003}.Release|Any CPU.Build.0 = Release|Any CPU
		{06262E16-0C0D-4F06-9FA1-9BD362571F5A}.Debug|Any CPU.ActiveCfg = Debug|Any CPU
		{06262E16-0C0D-4F06-9FA1-9BD362571F5A}.Debug|Any CPU.Build.0 = Debug|Any CPU
		{06262E16-0C0D-4F06-9FA1-9BD362571F5A}.Release|Any CPU.ActiveCfg = Release|Any CPU
		{06262E16-0C0D-4F06-9FA1-9BD362571F5A}.Release|Any CPU.Build.0 = Release|Any CPU
		{5B299707-3583-4A44-8B26-820E22B352C6}.Debug|Any CPU.ActiveCfg = Debug|Any CPU
		{5B299707-3583-4A44-8B26-820E22B352C6}.Debug|Any CPU.Build.0 = Debug|Any CPU
		{5B299707-3583-4A44-8B26-820E22B352C6}.Release|Any CPU.ActiveCfg = Release|Any CPU
		{5B299707-3583-4A44-8B26-820E22B352C6}.Release|Any CPU.Build.0 = Release|Any CPU
		{A1884B1A-BB76-4A33-AC07-F368CE5A5BE7}.Debug|Any CPU.ActiveCfg = Debug|Any CPU
		{A1884B1A-BB76-4A33-AC07-F368CE5A5BE7}.Debug|Any CPU.Build.0 = Debug|Any CPU
		{A1884B1A-BB76-4A33-AC07-F368CE5A5BE7}.Release|Any CPU.ActiveCfg = Release|Any CPU
		{A1884B1A-BB76-4A33-AC07-F368CE5A5BE7}.Release|Any CPU.Build.0 = Release|Any CPU
		{7D003FA7-9BE8-47EC-A613-5371A69A6E32}.Debug|Any CPU.ActiveCfg = Debug|Any CPU
		{7D003FA7-9BE8-47EC-A613-5371A69A6E32}.Debug|Any CPU.Build.0 = Debug|Any CPU
		{7D003FA7-9BE8-47EC-A613-5371A69A6E32}.Release|Any CPU.ActiveCfg = Release|Any CPU
		{7D003FA7-9BE8-47EC-A613-5371A69A6E32}.Release|Any CPU.Build.0 = Release|Any CPU
		{51DD8190-6EA8-4488-BCC1-65D5DF0AB94A}.Debug|Any CPU.ActiveCfg = Debug|Any CPU
		{51DD8190-6EA8-4488-BCC1-65D5DF0AB94A}.Debug|Any CPU.Build.0 = Debug|Any CPU
		{51DD8190-6EA8-4488-BCC1-65D5DF0AB94A}.Release|Any CPU.ActiveCfg = Release|Any CPU
		{51DD8190-6EA8-4488-BCC1-65D5DF0AB94A}.Release|Any CPU.Build.0 = Release|Any CPU
	EndGlobalSection
	GlobalSection(SolutionProperties) = preSolution
		HideSolutionNode = FALSE
	EndGlobalSection
	GlobalSection(ExtensibilityGlobals) = postSolution
		SolutionGuid = {1A0A424E-85A4-4E68-9BED-C9503A567709}
	EndGlobalSection
EndGlobal
