
Microsoft Visual Studio Solution File, Format Version 12.00
# Visual Studio Version 16
VisualStudioVersion = 16.0.31112.23
MinimumVisualStudioVersion = 10.0.40219.1
Project("{9A19103F-16F7-4668-BE54-9A1E7A4F7556}") = "TrapezoidArea", "TrapezoidArea\TrapezoidArea.csproj", "{1B153EFA-97C1-4C20-89F1-B3E3492D580D}"
EndProject
Project("{9A19103F-16F7-4668-BE54-9A1E7A4F7556}") = "TriangleArea", "TriangleArea\TriangleArea.csproj", "{A371105E-082D-4816-9C81-D04EB52ABCAB}"
EndProject
Project("{9A19103F-16F7-4668-BE54-9A1E7A4F7556}") = "ConverterCelsiusToFarenheit", "ConverterCelsiusToFarenheit\ConverterCelsiusToFarenheit.csproj", "{53BAD14E-30F5-458A-885E-E34AFD9C402C}"
EndProject
Project("{9A19103F-16F7-4668-BE54-9A1E7A4F7556}") = "PipesInPool", "PipesInPool\PipesInPool.csproj", "{26936B59-9993-4AA6-8422-B35F0EE00B7F}"
EndProject
Project("{9A19103F-16F7-4668-BE54-9A1E7A4F7556}") = "SleepyTom", "SleepyTom\SleepyTom.csproj", "{6022E47F-1DBC-4259-B6B9-827635C2301B}"
EndProject
Project("{9A19103F-16F7-4668-BE54-9A1E7A4F7556}") = "Harvest", "Harvest\Harvest.csproj", "{73D60182-C2BC-4C86-A4E8-48A15A45FE38}"
EndProject
Project("{9A19103F-16F7-4668-BE54-9A1E7A4F7556}") = "TransportPrice", "TransportPrice\TransportPrice.csproj", "{649BBFE1-F400-4A2E-BF8B-545720FC6464}"
EndProject
Project("{9A19103F-16F7-4668-BE54-9A1E7A4F7556}") = "Firm", "Firm\Firm.csproj", "{54A31403-6FDA-42FD-ABCA-87086078D0EF}"
EndProject
Project("{9A19103F-16F7-4668-BE54-9A1E7A4F7556}") = "Pets", "Pets\Pets.csproj", "{8C6088B8-2FFB-4AFA-AD30-E0B9799F134E}"
EndProject
Project("{9A19103F-16F7-4668-BE54-9A1E7A4F7556}") = "FlowerShop", "FlowerShop\FlowerShop.csproj", "{29282EB8-44DA-4C82-B09D-A64002DD8FDF}"
EndProject
Project("{9A19103F-16F7-4668-BE54-9A1E7A4F7556}") = "FuelTank", "FuelTank\FuelTank.csproj", "{20F541BE-E52F-4089-A116-84CAAA5705E0}"
EndProject
Project("{9A19103F-16F7-4668-BE54-9A1E7A4F7556}") = "FuelTank2", "FuelTank2\FuelTank2.csproj", "{88A63583-2F20-475F-885F-9EDD44CF96FF}"
EndProject
Project("{9A19103F-16F7-4668-BE54-9A1E7A4F7556}") = "FootballTickets", "FootballTickets\FootballTickets.csproj", "{4E6B6B51-95E9-49A6-A6DC-AA9CA185F924}"
EndProject
Project("{9A19103F-16F7-4668-BE54-9A1E7A4F7556}") = "BikeRace", "BikeRace\BikeRace.csproj", "{ECEEE6C4-2B70-44E0-816D-CC1F1E2569BA}"
EndProject
Project("{9A19103F-16F7-4668-BE54-9A1E7A4F7556}") = "Flowers", "Flowers\Flowers.csproj", "{1E15FF98-8A69-496F-A897-09C016CB0DF3}"
EndProject
Project("{9A19103F-16F7-4668-BE54-9A1E7A4F7556}") = "zzz", "zzz\zzz.csproj", "{051803B2-FA20-45A8-B5E9-F637EBA0C4E0}"
EndProject
Project("{9A19103F-16F7-4668-BE54-9A1E7A4F7556}") = "RentACar", "RentACar\RentACar.csproj", "{8AB9AA3E-02FF-4D27-8426-6BB2EF897E89}"
EndProject
Project("{9A19103F-16F7-4668-BE54-9A1E7A4F7556}") = "Vacation", "Vacation\Vacation.csproj", "{1B5C3AF8-A9CB-482D-81E6-1A77602CA65E}"
EndProject
Project("{9A19103F-16F7-4668-BE54-9A1E7A4F7556}") = "TruckDriver", "TruckDriver\TruckDriver.csproj", "{CC03FBC7-FEA5-4F8D-9E6F-028A9FFAA6DA}"
EndProject
Project("{9A19103F-16F7-4668-BE54-9A1E7A4F7556}") = "SchoolCamp", "SchoolCamp\SchoolCamp.csproj", "{37CC4EC0-0361-4B5B-B56C-2346B3F018CD}"
EndProject
Project("{9A19103F-16F7-4668-BE54-9A1E7A4F7556}") = "PointOnRctBorder", "PointOnRctBorder\PointOnRctBorder.csproj", "{28CDDA8F-7B48-4BBC-8635-A2F6496C864F}"
EndProject
Project("{9A19103F-16F7-4668-BE54-9A1E7A4F7556}") = "Numbers from1to10", "Numbers from1to10\Numbers from1to10.csproj", "{F3DFF310-E561-4E49-A244-241BD8F05A88}"
EndProject
Project("{9A19103F-16F7-4668-BE54-9A1E7A4F7556}") = "MultiplyBy2", "MultiplyBy2\MultiplyBy2.csproj", "{87D5CFF3-5DF9-4EC6-9B4E-380DD7796EC0}"
EndProject
Project("{9A19103F-16F7-4668-BE54-9A1E7A4F7556}") = "RectangleOf10x10Stars", "RectangleOf10x10Stars\RectangleOf10x10Stars.csproj", "{67409392-95C6-4347-9923-C394A21B58E0}"
EndProject
Project("{FAE04EC0-301F-11D3-BF4B-00C04F79EFBC}") = "BackToThePast", "BackToThePast\BackToThePast.csproj", "{F7580C09-B3A2-4C66-8BF4-A0E39E553B47}"
EndProject
Project("{FAE04EC0-301F-11D3-BF4B-00C04F79EFBC}") = "Hospital", "Hospital\Hospital.csproj", "{3D8A1898-7468-4B31-BD09-4CB6894D4ABC}"
EndProject
Project("{FAE04EC0-301F-11D3-BF4B-00C04F79EFBC}") = "Logistics", "Logistics\Logistics.csproj", "{07428564-4AF6-4F35-A88F-C4CB1CD24191}"
EndProject
Project("{FAE04EC0-301F-11D3-BF4B-00C04F79EFBC}") = "Grades", "Grades\Grades.csproj", "{D7AFADB3-EAF7-45D4-83D6-390ECCD524EF}"
EndProject
Project("{FAE04EC0-301F-11D3-BF4B-00C04F79EFBC}") = "GameOfIntervals", "GameOfIntervals\GameOfIntervals.csproj", "{F37619D1-C357-4A76-888D-E50E67B53A71}"
EndProject
Project("{FAE04EC0-301F-11D3-BF4B-00C04F79EFBC}") = "Bills", "Bills\Bills.csproj", "{C16698B9-232C-46D2-8A9D-AE277BF2390E}"
EndProject
Project("{FAE04EC0-301F-11D3-BF4B-00C04F79EFBC}") = "FootballLeague", "FootballLeague\FootballLeague.csproj", "{40D777B0-B166-40B9-8BC9-1E61568463F0}"
EndProject
Project("{FAE04EC0-301F-11D3-BF4B-00C04F79EFBC}") = "EqualPairs", "EqualPairs\EqualPairs.csproj", "{128ED1DB-AB58-4073-AF0E-2A276F0D6304}"
EndProject
Global
	GlobalSection(SolutionConfigurationPlatforms) = preSolution
		Debug|Any CPU = Debug|Any CPU
		Release|Any CPU = Release|Any CPU
	EndGlobalSection
	GlobalSection(ProjectConfigurationPlatforms) = postSolution
		{1B153EFA-97C1-4C20-89F1-B3E3492D580D}.Debug|Any CPU.ActiveCfg = Debug|Any CPU
		{1B153EFA-97C1-4C20-89F1-B3E3492D580D}.Debug|Any CPU.Build.0 = Debug|Any CPU
		{1B153EFA-97C1-4C20-89F1-B3E3492D580D}.Release|Any CPU.ActiveCfg = Release|Any CPU
		{1B153EFA-97C1-4C20-89F1-B3E3492D580D}.Release|Any CPU.Build.0 = Release|Any CPU
		{A371105E-082D-4816-9C81-D04EB52ABCAB}.Debug|Any CPU.ActiveCfg = Debug|Any CPU
		{A371105E-082D-4816-9C81-D04EB52ABCAB}.Debug|Any CPU.Build.0 = Debug|Any CPU
		{A371105E-082D-4816-9C81-D04EB52ABCAB}.Release|Any CPU.ActiveCfg = Release|Any CPU
		{A371105E-082D-4816-9C81-D04EB52ABCAB}.Release|Any CPU.Build.0 = Release|Any CPU
		{53BAD14E-30F5-458A-885E-E34AFD9C402C}.Debug|Any CPU.ActiveCfg = Debug|Any CPU
		{53BAD14E-30F5-458A-885E-E34AFD9C402C}.Debug|Any CPU.Build.0 = Debug|Any CPU
		{53BAD14E-30F5-458A-885E-E34AFD9C402C}.Release|Any CPU.ActiveCfg = Release|Any CPU
		{53BAD14E-30F5-458A-885E-E34AFD9C402C}.Release|Any CPU.Build.0 = Release|Any CPU
		{26936B59-9993-4AA6-8422-B35F0EE00B7F}.Debug|Any CPU.ActiveCfg = Debug|Any CPU
		{26936B59-9993-4AA6-8422-B35F0EE00B7F}.Debug|Any CPU.Build.0 = Debug|Any CPU
		{26936B59-9993-4AA6-8422-B35F0EE00B7F}.Release|Any CPU.ActiveCfg = Release|Any CPU
		{26936B59-9993-4AA6-8422-B35F0EE00B7F}.Release|Any CPU.Build.0 = Release|Any CPU
		{6022E47F-1DBC-4259-B6B9-827635C2301B}.Debug|Any CPU.ActiveCfg = Debug|Any CPU
		{6022E47F-1DBC-4259-B6B9-827635C2301B}.Debug|Any CPU.Build.0 = Debug|Any CPU
		{6022E47F-1DBC-4259-B6B9-827635C2301B}.Release|Any CPU.ActiveCfg = Release|Any CPU
		{6022E47F-1DBC-4259-B6B9-827635C2301B}.Release|Any CPU.Build.0 = Release|Any CPU
		{73D60182-C2BC-4C86-A4E8-48A15A45FE38}.Debug|Any CPU.ActiveCfg = Debug|Any CPU
		{73D60182-C2BC-4C86-A4E8-48A15A45FE38}.Debug|Any CPU.Build.0 = Debug|Any CPU
		{73D60182-C2BC-4C86-A4E8-48A15A45FE38}.Release|Any CPU.ActiveCfg = Release|Any CPU
		{73D60182-C2BC-4C86-A4E8-48A15A45FE38}.Release|Any CPU.Build.0 = Release|Any CPU
		{649BBFE1-F400-4A2E-BF8B-545720FC6464}.Debug|Any CPU.ActiveCfg = Debug|Any CPU
		{649BBFE1-F400-4A2E-BF8B-545720FC6464}.Debug|Any CPU.Build.0 = Debug|Any CPU
		{649BBFE1-F400-4A2E-BF8B-545720FC6464}.Release|Any CPU.ActiveCfg = Release|Any CPU
		{649BBFE1-F400-4A2E-BF8B-545720FC6464}.Release|Any CPU.Build.0 = Release|Any CPU
		{54A31403-6FDA-42FD-ABCA-87086078D0EF}.Debug|Any CPU.ActiveCfg = Debug|Any CPU
		{54A31403-6FDA-42FD-ABCA-87086078D0EF}.Debug|Any CPU.Build.0 = Debug|Any CPU
		{54A31403-6FDA-42FD-ABCA-87086078D0EF}.Release|Any CPU.ActiveCfg = Release|Any CPU
		{54A31403-6FDA-42FD-ABCA-87086078D0EF}.Release|Any CPU.Build.0 = Release|Any CPU
		{8C6088B8-2FFB-4AFA-AD30-E0B9799F134E}.Debug|Any CPU.ActiveCfg = Debug|Any CPU
		{8C6088B8-2FFB-4AFA-AD30-E0B9799F134E}.Debug|Any CPU.Build.0 = Debug|Any CPU
		{8C6088B8-2FFB-4AFA-AD30-E0B9799F134E}.Release|Any CPU.ActiveCfg = Release|Any CPU
		{8C6088B8-2FFB-4AFA-AD30-E0B9799F134E}.Release|Any CPU.Build.0 = Release|Any CPU
		{29282EB8-44DA-4C82-B09D-A64002DD8FDF}.Debug|Any CPU.ActiveCfg = Debug|Any CPU
		{29282EB8-44DA-4C82-B09D-A64002DD8FDF}.Debug|Any CPU.Build.0 = Debug|Any CPU
		{29282EB8-44DA-4C82-B09D-A64002DD8FDF}.Release|Any CPU.ActiveCfg = Release|Any CPU
		{29282EB8-44DA-4C82-B09D-A64002DD8FDF}.Release|Any CPU.Build.0 = Release|Any CPU
		{20F541BE-E52F-4089-A116-84CAAA5705E0}.Debug|Any CPU.ActiveCfg = Debug|Any CPU
		{20F541BE-E52F-4089-A116-84CAAA5705E0}.Debug|Any CPU.Build.0 = Debug|Any CPU
		{20F541BE-E52F-4089-A116-84CAAA5705E0}.Release|Any CPU.ActiveCfg = Release|Any CPU
		{20F541BE-E52F-4089-A116-84CAAA5705E0}.Release|Any CPU.Build.0 = Release|Any CPU
		{88A63583-2F20-475F-885F-9EDD44CF96FF}.Debug|Any CPU.ActiveCfg = Debug|Any CPU
		{88A63583-2F20-475F-885F-9EDD44CF96FF}.Debug|Any CPU.Build.0 = Debug|Any CPU
		{88A63583-2F20-475F-885F-9EDD44CF96FF}.Release|Any CPU.ActiveCfg = Release|Any CPU
		{88A63583-2F20-475F-885F-9EDD44CF96FF}.Release|Any CPU.Build.0 = Release|Any CPU
		{4E6B6B51-95E9-49A6-A6DC-AA9CA185F924}.Debug|Any CPU.ActiveCfg = Debug|Any CPU
		{4E6B6B51-95E9-49A6-A6DC-AA9CA185F924}.Debug|Any CPU.Build.0 = Debug|Any CPU
		{4E6B6B51-95E9-49A6-A6DC-AA9CA185F924}.Release|Any CPU.ActiveCfg = Release|Any CPU
		{4E6B6B51-95E9-49A6-A6DC-AA9CA185F924}.Release|Any CPU.Build.0 = Release|Any CPU
		{ECEEE6C4-2B70-44E0-816D-CC1F1E2569BA}.Debug|Any CPU.ActiveCfg = Debug|Any CPU
		{ECEEE6C4-2B70-44E0-816D-CC1F1E2569BA}.Debug|Any CPU.Build.0 = Debug|Any CPU
		{ECEEE6C4-2B70-44E0-816D-CC1F1E2569BA}.Release|Any CPU.ActiveCfg = Release|Any CPU
		{ECEEE6C4-2B70-44E0-816D-CC1F1E2569BA}.Release|Any CPU.Build.0 = Release|Any CPU
		{1E15FF98-8A69-496F-A897-09C016CB0DF3}.Debug|Any CPU.ActiveCfg = Debug|Any CPU
		{1E15FF98-8A69-496F-A897-09C016CB0DF3}.Debug|Any CPU.Build.0 = Debug|Any CPU
		{1E15FF98-8A69-496F-A897-09C016CB0DF3}.Release|Any CPU.ActiveCfg = Release|Any CPU
		{1E15FF98-8A69-496F-A897-09C016CB0DF3}.Release|Any CPU.Build.0 = Release|Any CPU
		{051803B2-FA20-45A8-B5E9-F637EBA0C4E0}.Debug|Any CPU.ActiveCfg = Debug|Any CPU
		{051803B2-FA20-45A8-B5E9-F637EBA0C4E0}.Debug|Any CPU.Build.0 = Debug|Any CPU
		{051803B2-FA20-45A8-B5E9-F637EBA0C4E0}.Release|Any CPU.ActiveCfg = Release|Any CPU
		{051803B2-FA20-45A8-B5E9-F637EBA0C4E0}.Release|Any CPU.Build.0 = Release|Any CPU
		{8AB9AA3E-02FF-4D27-8426-6BB2EF897E89}.Debug|Any CPU.ActiveCfg = Debug|Any CPU
		{8AB9AA3E-02FF-4D27-8426-6BB2EF897E89}.Debug|Any CPU.Build.0 = Debug|Any CPU
		{8AB9AA3E-02FF-4D27-8426-6BB2EF897E89}.Release|Any CPU.ActiveCfg = Release|Any CPU
		{8AB9AA3E-02FF-4D27-8426-6BB2EF897E89}.Release|Any CPU.Build.0 = Release|Any CPU
		{1B5C3AF8-A9CB-482D-81E6-1A77602CA65E}.Debug|Any CPU.ActiveCfg = Debug|Any CPU
		{1B5C3AF8-A9CB-482D-81E6-1A77602CA65E}.Debug|Any CPU.Build.0 = Debug|Any CPU
		{1B5C3AF8-A9CB-482D-81E6-1A77602CA65E}.Release|Any CPU.ActiveCfg = Release|Any CPU
		{1B5C3AF8-A9CB-482D-81E6-1A77602CA65E}.Release|Any CPU.Build.0 = Release|Any CPU
		{CC03FBC7-FEA5-4F8D-9E6F-028A9FFAA6DA}.Debug|Any CPU.ActiveCfg = Debug|Any CPU
		{CC03FBC7-FEA5-4F8D-9E6F-028A9FFAA6DA}.Debug|Any CPU.Build.0 = Debug|Any CPU
		{CC03FBC7-FEA5-4F8D-9E6F-028A9FFAA6DA}.Release|Any CPU.ActiveCfg = Release|Any CPU
		{CC03FBC7-FEA5-4F8D-9E6F-028A9FFAA6DA}.Release|Any CPU.Build.0 = Release|Any CPU
		{37CC4EC0-0361-4B5B-B56C-2346B3F018CD}.Debug|Any CPU.ActiveCfg = Debug|Any CPU
		{37CC4EC0-0361-4B5B-B56C-2346B3F018CD}.Debug|Any CPU.Build.0 = Debug|Any CPU
		{37CC4EC0-0361-4B5B-B56C-2346B3F018CD}.Release|Any CPU.ActiveCfg = Release|Any CPU
		{37CC4EC0-0361-4B5B-B56C-2346B3F018CD}.Release|Any CPU.Build.0 = Release|Any CPU
		{28CDDA8F-7B48-4BBC-8635-A2F6496C864F}.Debug|Any CPU.ActiveCfg = Debug|Any CPU
		{28CDDA8F-7B48-4BBC-8635-A2F6496C864F}.Debug|Any CPU.Build.0 = Debug|Any CPU
		{28CDDA8F-7B48-4BBC-8635-A2F6496C864F}.Release|Any CPU.ActiveCfg = Release|Any CPU
		{28CDDA8F-7B48-4BBC-8635-A2F6496C864F}.Release|Any CPU.Build.0 = Release|Any CPU
		{F3DFF310-E561-4E49-A244-241BD8F05A88}.Debug|Any CPU.ActiveCfg = Debug|Any CPU
		{F3DFF310-E561-4E49-A244-241BD8F05A88}.Debug|Any CPU.Build.0 = Debug|Any CPU
		{F3DFF310-E561-4E49-A244-241BD8F05A88}.Release|Any CPU.ActiveCfg = Release|Any CPU
		{F3DFF310-E561-4E49-A244-241BD8F05A88}.Release|Any CPU.Build.0 = Release|Any CPU
		{87D5CFF3-5DF9-4EC6-9B4E-380DD7796EC0}.Debug|Any CPU.ActiveCfg = Debug|Any CPU
		{87D5CFF3-5DF9-4EC6-9B4E-380DD7796EC0}.Debug|Any CPU.Build.0 = Debug|Any CPU
		{87D5CFF3-5DF9-4EC6-9B4E-380DD7796EC0}.Release|Any CPU.ActiveCfg = Release|Any CPU
		{87D5CFF3-5DF9-4EC6-9B4E-380DD7796EC0}.Release|Any CPU.Build.0 = Release|Any CPU
		{67409392-95C6-4347-9923-C394A21B58E0}.Debug|Any CPU.ActiveCfg = Debug|Any CPU
		{67409392-95C6-4347-9923-C394A21B58E0}.Debug|Any CPU.Build.0 = Debug|Any CPU
		{67409392-95C6-4347-9923-C394A21B58E0}.Release|Any CPU.ActiveCfg = Release|Any CPU
		{67409392-95C6-4347-9923-C394A21B58E0}.Release|Any CPU.Build.0 = Release|Any CPU
		{F7580C09-B3A2-4C66-8BF4-A0E39E553B47}.Debug|Any CPU.ActiveCfg = Debug|Any CPU
		{F7580C09-B3A2-4C66-8BF4-A0E39E553B47}.Debug|Any CPU.Build.0 = Debug|Any CPU
		{F7580C09-B3A2-4C66-8BF4-A0E39E553B47}.Release|Any CPU.ActiveCfg = Release|Any CPU
		{F7580C09-B3A2-4C66-8BF4-A0E39E553B47}.Release|Any CPU.Build.0 = Release|Any CPU
		{3D8A1898-7468-4B31-BD09-4CB6894D4ABC}.Debug|Any CPU.ActiveCfg = Debug|Any CPU
		{3D8A1898-7468-4B31-BD09-4CB6894D4ABC}.Debug|Any CPU.Build.0 = Debug|Any CPU
		{3D8A1898-7468-4B31-BD09-4CB6894D4ABC}.Release|Any CPU.ActiveCfg = Release|Any CPU
		{3D8A1898-7468-4B31-BD09-4CB6894D4ABC}.Release|Any CPU.Build.0 = Release|Any CPU
		{07428564-4AF6-4F35-A88F-C4CB1CD24191}.Debug|Any CPU.ActiveCfg = Debug|Any CPU
		{07428564-4AF6-4F35-A88F-C4CB1CD24191}.Debug|Any CPU.Build.0 = Debug|Any CPU
		{07428564-4AF6-4F35-A88F-C4CB1CD24191}.Release|Any CPU.ActiveCfg = Release|Any CPU
		{07428564-4AF6-4F35-A88F-C4CB1CD24191}.Release|Any CPU.Build.0 = Release|Any CPU
		{D7AFADB3-EAF7-45D4-83D6-390ECCD524EF}.Debug|Any CPU.ActiveCfg = Debug|Any CPU
		{D7AFADB3-EAF7-45D4-83D6-390ECCD524EF}.Debug|Any CPU.Build.0 = Debug|Any CPU
		{D7AFADB3-EAF7-45D4-83D6-390ECCD524EF}.Release|Any CPU.ActiveCfg = Release|Any CPU
		{D7AFADB3-EAF7-45D4-83D6-390ECCD524EF}.Release|Any CPU.Build.0 = Release|Any CPU
		{F37619D1-C357-4A76-888D-E50E67B53A71}.Debug|Any CPU.ActiveCfg = Debug|Any CPU
		{F37619D1-C357-4A76-888D-E50E67B53A71}.Debug|Any CPU.Build.0 = Debug|Any CPU
		{F37619D1-C357-4A76-888D-E50E67B53A71}.Release|Any CPU.ActiveCfg = Release|Any CPU
		{F37619D1-C357-4A76-888D-E50E67B53A71}.Release|Any CPU.Build.0 = Release|Any CPU
		{C16698B9-232C-46D2-8A9D-AE277BF2390E}.Debug|Any CPU.ActiveCfg = Debug|Any CPU
		{C16698B9-232C-46D2-8A9D-AE277BF2390E}.Debug|Any CPU.Build.0 = Debug|Any CPU
		{C16698B9-232C-46D2-8A9D-AE277BF2390E}.Release|Any CPU.ActiveCfg = Release|Any CPU
		{C16698B9-232C-46D2-8A9D-AE277BF2390E}.Release|Any CPU.Build.0 = Release|Any CPU
		{40D777B0-B166-40B9-8BC9-1E61568463F0}.Debug|Any CPU.ActiveCfg = Debug|Any CPU
		{40D777B0-B166-40B9-8BC9-1E61568463F0}.Debug|Any CPU.Build.0 = Debug|Any CPU
		{40D777B0-B166-40B9-8BC9-1E61568463F0}.Release|Any CPU.ActiveCfg = Release|Any CPU
		{40D777B0-B166-40B9-8BC9-1E61568463F0}.Release|Any CPU.Build.0 = Release|Any CPU
		{128ED1DB-AB58-4073-AF0E-2A276F0D6304}.Debug|Any CPU.ActiveCfg = Debug|Any CPU
		{128ED1DB-AB58-4073-AF0E-2A276F0D6304}.Debug|Any CPU.Build.0 = Debug|Any CPU
		{128ED1DB-AB58-4073-AF0E-2A276F0D6304}.Release|Any CPU.ActiveCfg = Release|Any CPU
		{128ED1DB-AB58-4073-AF0E-2A276F0D6304}.Release|Any CPU.Build.0 = Release|Any CPU
	EndGlobalSection
	GlobalSection(SolutionProperties) = preSolution
		HideSolutionNode = FALSE
	EndGlobalSection
	GlobalSection(ExtensibilityGlobals) = postSolution
		SolutionGuid = {CF9AA775-4493-45D5-85A1-9066EE0CBA56}
	EndGlobalSection
EndGlobal
